
Microsoft Visual Studio Solution File, Format Version 12.00
# Visual Studio Version 17
VisualStudioVersion = 17.9.34607.119
MinimumVisualStudioVersion = 10.0.40219.1
Project("{FAE04EC0-301F-11D3-BF4B-00C04F79EFBC}") = "pr3", "pr3\pr3.csproj", "{4783AA6E-7897-4656-ABC2-FE0C2CE730D8}"
EndProject
Global
	GlobalSection(SolutionConfigurationPlatforms) = preSolution
		Debug|Any CPU = Debug|Any CPU
		Release|Any CPU = Release|Any CPU
	EndGlobalSection
	GlobalSection(ProjectConfigurationPlatforms) = postSolution
		{4783AA6E-7897-4656-ABC2-FE0C2CE730D8}.Debug|Any CPU.ActiveCfg = Debug|Any CPU
		{4783AA6E-7897-4656-ABC2-FE0C2CE730D8}.Debug|Any CPU.Build.0 = Debug|Any CPU
		{4783AA6E-7897-4656-ABC2-FE0C2CE730D8}.Release|Any CPU.ActiveCfg = Release|Any CPU
		{4783AA6E-7897-4656-ABC2-FE0C2CE730D8}.Release|Any CPU.Build.0 = Release|Any CPU
	EndGlobalSection
	GlobalSection(SolutionProperties) = preSolution
		HideSolutionNode = FALSE
	EndGlobalSection
	GlobalSection(ExtensibilityGlobals) = postSolution
		SolutionGuid = {18143C60-5C53-4DEC-898B-8E3B2BCA1AAD}
	EndGlobalSection
EndGlobal
