
Microsoft Visual Studio Solution File, Format Version 12.00
# Visual Studio Version 17
VisualStudioVersion = 17.9.34607.119
MinimumVisualStudioVersion = 10.0.40219.1
Project("{FAE04EC0-301F-11D3-BF4B-00C04F79EFBC}") = "pr7", "pr7\pr7.csproj", "{95C3D8B4-D73B-4810-9BCC-F2573FD5F768}"
EndProject
Global
	GlobalSection(SolutionConfigurationPlatforms) = preSolution
		Debug|Any CPU = Debug|Any CPU
		Release|Any CPU = Release|Any CPU
	EndGlobalSection
	GlobalSection(ProjectConfigurationPlatforms) = postSolution
		{95C3D8B4-D73B-4810-9BCC-F2573FD5F768}.Debug|Any CPU.ActiveCfg = Debug|Any CPU
		{95C3D8B4-D73B-4810-9BCC-F2573FD5F768}.Debug|Any CPU.Build.0 = Debug|Any CPU
		{95C3D8B4-D73B-4810-9BCC-F2573FD5F768}.Release|Any CPU.ActiveCfg = Release|Any CPU
		{95C3D8B4-D73B-4810-9BCC-F2573FD5F768}.Release|Any CPU.Build.0 = Release|Any CPU
	EndGlobalSection
	GlobalSection(SolutionProperties) = preSolution
		HideSolutionNode = FALSE
	EndGlobalSection
	GlobalSection(ExtensibilityGlobals) = postSolution
		SolutionGuid = {B9B002B0-6652-4D31-92C6-EE3DAD6F00D4}
	EndGlobalSection
EndGlobal
