
Microsoft Visual Studio Solution File, Format Version 12.00
# Visual Studio Version 17
VisualStudioVersion = 17.9.34607.119
MinimumVisualStudioVersion = 10.0.40219.1
Project("{FAE04EC0-301F-11D3-BF4B-00C04F79EFBC}") = "pr5", "pr5\pr5.csproj", "{0A395A6B-BDBB-4EE1-B0EA-F930A2A071D5}"
EndProject
Global
	GlobalSection(SolutionConfigurationPlatforms) = preSolution
		Debug|Any CPU = Debug|Any CPU
		Release|Any CPU = Release|Any CPU
	EndGlobalSection
	GlobalSection(ProjectConfigurationPlatforms) = postSolution
		{0A395A6B-BDBB-4EE1-B0EA-F930A2A071D5}.Debug|Any CPU.ActiveCfg = Debug|Any CPU
		{0A395A6B-BDBB-4EE1-B0EA-F930A2A071D5}.Debug|Any CPU.Build.0 = Debug|Any CPU
		{0A395A6B-BDBB-4EE1-B0EA-F930A2A071D5}.Release|Any CPU.ActiveCfg = Release|Any CPU
		{0A395A6B-BDBB-4EE1-B0EA-F930A2A071D5}.Release|Any CPU.Build.0 = Release|Any CPU
	EndGlobalSection
	GlobalSection(SolutionProperties) = preSolution
		HideSolutionNode = FALSE
	EndGlobalSection
	GlobalSection(ExtensibilityGlobals) = postSolution
		SolutionGuid = {61AC1C45-3FFB-4C3B-9632-97E9573DE104}
	EndGlobalSection
EndGlobal
